dependencies:
- name: argo-cd
  repository: https://argoproj.github.io/argo-helm
  version: 5.27.0
- name: argo-workflows
  repository: https://argoproj.github.io/argo-helm
  version: 0.37.1
- name: ci
  repository: https://shaharby7.github.io/Dope/helm/charts
  version: 0.1.0
digest: sha256:357ccb647d77708a3fc970ab435ec9e8877c6b0c7815bd9b4f2626da1eed9b0c
generated: "2024-05-03T01:03:11.314384786+03:00"
