dependencies:
- name: argo-cd
  repository: https://argoproj.github.io/argo-helm
  version: 5.27.0
- name: argo-workflows
  repository: https://argoproj.github.io/argo-helm
  version: 0.37.1
- name: ci
  repository: https://shaharby7.github.io/Dope/helm/charts
  version: 0.1.0
digest: sha256:03927964e4ceb9db3b2e5dc2c8d01f66e4ac6424b5fac271d84746af89cc4b4f
generated: "2024-05-03T01:33:47.699949175+03:00"
