dependencies:
- name: argo-cd
  repository: https://argoproj.github.io/argo-helm
  version: 7.6.1
- name: argo-crds
  repository: https://shaharby7.github.io/Dope/helm/charts
  version: 0.1.0
digest: sha256:06d7a5d1e25f7ec90e8024ece78ac4f009b868c9064b8031de21b7da6bcd960f
generated: "2024-11-18T23:14:51.963509894+02:00"
